{
  "version": 4,
  "terraform_version": "1.15.5",
  "serial": 112,
  "lineage": "2806b850-d756-2fff-70f1-72ead9a00adb",
  "outputs": {},
  "resources": [
    {
      "mode": "managed",
      "type": "local_file",
      "name": "ansible_inventory",
      "provider": "provider[\"registry.terraform.io/hashicorp/local\"]",
      "instances": [
        {
          "schema_version": 0,
          "attributes": {
            "content": "all:\n  vars:\n    ansible_user: henrik\n\n  children:\n\n    students:\n      hosts:\n        DEMO-STUDENT01:\n          ansible_host: 10.4.10.200\n          demo_role: student\n          demo_pair: 1\n        DEMO-STUDENT02:\n          ansible_host: 10.4.10.202\n          demo_role: student\n          demo_pair: 2\n        DEMO-STUDENT03:\n          ansible_host: 10.4.10.204\n          demo_role: student\n          demo_pair: 3\n\n    targets:\n      hosts:\n        DEMO-TARGET01:\n          ansible_host: 10.4.10.201\n          demo_role: target\n          demo_pair: 1\n        DEMO-TARGET02:\n          ansible_host: 10.4.10.203\n          demo_role: target\n          demo_pair: 2\n        DEMO-TARGET03:\n          ansible_host: 10.4.10.205\n          demo_role: target\n          demo_pair: 3\n",
            "content_base64": null,
            "content_base64sha256": "xTEGRsukLRc5md5vi69pNftZIa7FZMqlBtNwcTDSbdI=",
            "content_base64sha512": "NzEHQbcskncEEdZKU8RiKGz5LQDNAMgleWVNFMpng0OIuWvOy6WH1laZEDvosXLEQPu1CV4Qj8wxvRDaZBwsCQ==",
            "content_md5": "d9570f50700803da53ed849eda437d19",
            "content_sha1": "ac74444ecd01e58f796fa6e15c60ecc52b43d4ce",
            "content_sha256": "c5310646cba42d173999de6f8baf6935fb5921aec564caa506d3707130d26dd2",
            "content_sha512": "37310741b72c92770411d64a53c462286cf92d00cd00c82579654d14ca67834388b96bcecba587d65699103be8b172c440fbb5095e108fcc31bd10da641c2c09",
            "directory_permission": "0777",
            "file_permission": "0777",
            "filename": "./../ansible/inventories/demo/hosts.yml",
            "id": "ac74444ecd01e58f796fa6e15c60ecc52b43d4ce",
            "sensitive_content": null,
            "source": null
          },
          "sensitive_attributes": [
            [
              {
                "type": "get_attr",
                "value": "sensitive_content"
              }
            ]
          ],
          "identity_schema_version": 0
        }
      ]
    },
    {
      "mode": "managed",
      "type": "local_file",
      "name": "prometheus_targets",
      "provider": "provider[\"registry.terraform.io/hashicorp/local\"]",
      "instances": [
        {
          "schema_version": 0,
          "attributes": {
            "content": "- targets:\n    - 10.4.10.200:9100\n  labels:\n    hostname: DEMO-STUDENT01\n    role: student\n    pair: \"1\"\n- targets:\n    - 10.4.10.202:9100\n  labels:\n    hostname: DEMO-STUDENT02\n    role: student\n    pair: \"2\"\n- targets:\n    - 10.4.10.204:9100\n  labels:\n    hostname: DEMO-STUDENT03\n    role: student\n    pair: \"3\"\n- targets:\n    - 10.4.10.201:9100\n  labels:\n    hostname: DEMO-TARGET01\n    role: target\n    pair: \"1\"\n- targets:\n    - 10.4.10.203:9100\n  labels:\n    hostname: DEMO-TARGET02\n    role: target\n    pair: \"2\"\n- targets:\n    - 10.4.10.205:9100\n  labels:\n    hostname: DEMO-TARGET03\n    role: target\n    pair: \"3\"\n",
            "content_base64": null,
            "content_base64sha256": "ezx5diRgaVwNF5NKHR9MLbA2CYWka0jPB20N43ThcII=",
            "content_base64sha512": "55x9iDooA6+YlbHH98BA5nd/xCFT7EY/ZRO40gfxrAEL4djRFNBAv27E8VwfE8enh2z3Yx6FghqrRwa7uWjcag==",
            "content_md5": "70dd9ed78637c5af51bf1d940e5a783e",
            "content_sha1": "6cfcc88649d63361a8493d9d42ca719ee65e5a71",
            "content_sha256": "7b3c79762460695c0d17934a1d1f4c2db0360985a46b48cf076d0de374e17082",
            "content_sha512": "e79c7d883a2803af9895b1c7f7c040e6777fc42153ec463f6513b8d207f1ac010be1d8d114d040bf6ec4f15c1f13c7a7876cf7631e85821aab4706bbb968dc6a",
            "directory_permission": "0777",
            "file_permission": "0777",
            "filename": "./generated/demo-targets.yml",
            "id": "6cfcc88649d63361a8493d9d42ca719ee65e5a71",
            "sensitive_content": null,
            "source": null
          },
          "sensitive_attributes": [
            [
              {
                "type": "get_attr",
                "value": "sensitive_content"
              }
            ]
          ],
          "identity_schema_version": 0
        }
      ]
    },
    {
      "mode": "managed",
      "type": "proxmox_virtual_environment_vm",
      "name": "vm",
      "provider": "provider[\"registry.terraform.io/bpg/proxmox\"]",
      "instances": [
        {
          "index_key": "DEMO-STUDENT01",
          "schema_version": 0,
          "attributes": {
            "acpi": true,
            "agent": [
              {
                "enabled": true,
                "timeout": "15m",
                "trim": false,
                "type": "virtio",
                "wait_for_ip": [
                  {
                    "enabled": false,
                    "ipv4": false,
                    "ipv6": false
                  }
                ]
              }
            ],
            "amd_sev": [],
            "audio_device": [],
            "bios": "seabios",
            "boot_order": [
              "scsi0"
            ],
            "cdrom": [],
            "clone": [
              {
                "datastore_id": "",
                "full": true,
                "node_name": "s12",
                "retries": 1,
                "vm_id": 666
              }
            ],
            "cpu": [
              {
                "affinity": "",
                "architecture": "",
                "cores": 1,
                "flags": [],
                "hotplugged": 0,
                "limit": 0,
                "numa": false,
                "sockets": 1,
                "type": "host",
                "units": 0
              }
            ],
            "delete_unreferenced_disks_on_destroy": true,
            "description": null,
            "disk": [
              {
                "aio": "io_uring",
                "backup": true,
                "cache": "none",
                "datastore_id": "Ceph-Storage-Pool",
                "discard": "ignore",
                "file_format": "raw",
                "file_id": "",
                "import_from": "",
                "interface": "scsi0",
                "iothread": false,
                "path_in_datastore": "vm-200-disk-0",
                "replicate": true,
                "serial": "",
                "size": 20,
                "speed": [],
                "ssd": false
              }
            ],
            "efi_disk": [],
            "hook_script_file_id": null,
            "hostpci": [],
            "hotplug": null,
            "id": "200",
            "initialization": [
              {
                "datastore_id": "Ceph-Storage-Pool",
                "dns": [
                  {
                    "domain": "gruppe4.local",
                    "servers": [
                      "10.4.10.20",
                      "10.4.10.21"
                    ]
                  }
                ],
                "file_format": "",
                "interface": "ide2",
                "ip_config": [
                  {
                    "ipv4": [
                      {
                        "address": "10.4.10.200/24",
                        "gateway": "10.4.10.1"
                      }
                    ],
                    "ipv6": []
                  }
                ],
                "meta_data_file_id": "",
                "network_data_file_id": "",
                "type": "",
                "upgrade": true,
                "user_account": [
                  {
                    "keys": [
                      "ssh-ed25519 AAAAC3NzaC1lZDI1NTE5AAAAIJ3GxDf1ojn40YRmXP/M7HKOt9qj1U+a7yA1HRPAAAR6 terraform@automation01"
                    ],
                    "password": "",
                    "username": "henrik"
                  }
                ],
                "user_data_file_id": "",
                "vendor_data_file_id": ""
              }
            ],
            "ipv4_addresses": [],
            "ipv6_addresses": [],
            "keyboard_layout": "en-us",
            "kvm_arguments": null,
            "mac_addresses": [],
            "machine": null,
            "memory": [
              {
                "dedicated": 1024,
                "floating": 0,
                "hugepages": "",
                "keep_hugepages": false,
                "shared": 0
              }
            ],
            "migrate": false,
            "name": "DEMO-STUDENT01",
            "network_device": [
              {
                "bridge": "vmbr1",
                "disconnected": false,
                "enabled": true,
                "firewall": false,
                "mac_address": "BC:24:11:97:E8:F6",
                "model": "virtio",
                "mtu": 0,
                "queues": 0,
                "rate_limit": 0,
                "trunks": "",
                "vlan_id": 0
              }
            ],
            "network_interface_names": [],
            "node_name": "s10",
            "numa": [],
            "on_boot": true,
            "operating_system": [
              {
                "type": "l26"
              }
            ],
            "pool_id": "",
            "protection": false,
            "purge_on_destroy": true,
            "reboot": false,
            "reboot_after_update": true,
            "rng": [],
            "scsi_hardware": "virtio-scsi-pci",
            "serial_device": [],
            "smbios": [],
            "started": true,
            "startup": [],
            "stop_on_destroy": false,
            "tablet_device": true,
            "tags": null,
            "template": false,
            "timeout_clone": 1800,
            "timeout_create": 1800,
            "timeout_migrate": 1800,
            "timeout_move_disk": 1800,
            "timeout_reboot": 1800,
            "timeout_shutdown_vm": 1800,
            "timeout_start_vm": 1800,
            "timeout_stop_vm": 300,
            "tpm_state": [],
            "usb": [],
            "vga": [],
            "virtiofs": [],
            "vm_id": 200,
            "watchdog": []
          },
          "sensitive_attributes": [
            [
              {
                "type": "get_attr",
                "value": "initialization"
              },
              {
                "type": "index",
                "value": {
                  "value": 0,
                  "type": "number"
                }
              },
              {
                "type": "get_attr",
                "value": "user_account"
              },
              {
                "type": "index",
                "value": {
                  "value": 0,
                  "type": "number"
                }
              },
              {
                "type": "get_attr",
                "value": "password"
              }
            ]
          ],
          "identity_schema_version": 0,
          "private": "bnVsbA=="
        },
        {
          "index_key": "DEMO-STUDENT02",
          "schema_version": 0,
          "attributes": {
            "acpi": true,
            "agent": [
              {
                "enabled": true,
                "timeout": "15m",
                "trim": false,
                "type": "virtio",
                "wait_for_ip": [
                  {
                    "enabled": false,
                    "ipv4": false,
                    "ipv6": false
                  }
                ]
              }
            ],
            "amd_sev": [],
            "audio_device": [],
            "bios": "seabios",
            "boot_order": [
              "scsi0"
            ],
            "cdrom": [],
            "clone": [
              {
                "datastore_id": "",
                "full": true,
                "node_name": "s12",
                "retries": 1,
                "vm_id": 666
              }
            ],
            "cpu": [
              {
                "affinity": "",
                "architecture": "",
                "cores": 1,
                "flags": [],
                "hotplugged": 0,
                "limit": 0,
                "numa": false,
                "sockets": 1,
                "type": "host",
                "units": 0
              }
            ],
            "delete_unreferenced_disks_on_destroy": true,
            "description": null,
            "disk": [
              {
                "aio": "io_uring",
                "backup": true,
                "cache": "none",
                "datastore_id": "Ceph-Storage-Pool",
                "discard": "ignore",
                "file_format": "raw",
                "file_id": "",
                "import_from": "",
                "interface": "scsi0",
                "iothread": false,
                "path_in_datastore": "vm-202-disk-0",
                "replicate": true,
                "serial": "",
                "size": 20,
                "speed": [],
                "ssd": false
              }
            ],
            "efi_disk": [],
            "hook_script_file_id": null,
            "hostpci": [],
            "hotplug": null,
            "id": "202",
            "initialization": [
              {
                "datastore_id": "Ceph-Storage-Pool",
                "dns": [
                  {
                    "domain": "gruppe4.local",
                    "servers": [
                      "10.4.10.20",
                      "10.4.10.21"
                    ]
                  }
                ],
                "file_format": "",
                "interface": "ide2",
                "ip_config": [
                  {
                    "ipv4": [
                      {
                        "address": "10.4.10.202/24",
                        "gateway": "10.4.10.1"
                      }
                    ],
                    "ipv6": []
                  }
                ],
                "meta_data_file_id": "",
                "network_data_file_id": "",
                "type": "",
                "upgrade": true,
                "user_account": [
                  {
                    "keys": [
                      "ssh-ed25519 AAAAC3NzaC1lZDI1NTE5AAAAIJ3GxDf1ojn40YRmXP/M7HKOt9qj1U+a7yA1HRPAAAR6 terraform@automation01"
                    ],
                    "password": "",
                    "username": "henrik"
                  }
                ],
                "user_data_file_id": "",
                "vendor_data_file_id": ""
              }
            ],
            "ipv4_addresses": [],
            "ipv6_addresses": [],
            "keyboard_layout": "en-us",
            "kvm_arguments": null,
            "mac_addresses": [],
            "machine": null,
            "memory": [
              {
                "dedicated": 1024,
                "floating": 0,
                "hugepages": "",
                "keep_hugepages": false,
                "shared": 0
              }
            ],
            "migrate": false,
            "name": "DEMO-STUDENT02",
            "network_device": [
              {
                "bridge": "vmbr1",
                "disconnected": false,
                "enabled": true,
                "firewall": false,
                "mac_address": "BC:24:11:21:60:D9",
                "model": "virtio",
                "mtu": 0,
                "queues": 0,
                "rate_limit": 0,
                "trunks": "",
                "vlan_id": 0
              }
            ],
            "network_interface_names": [],
            "node_name": "s11",
            "numa": [],
            "on_boot": true,
            "operating_system": [
              {
                "type": "l26"
              }
            ],
            "pool_id": "",
            "protection": false,
            "purge_on_destroy": true,
            "reboot": false,
            "reboot_after_update": true,
            "rng": [],
            "scsi_hardware": "virtio-scsi-pci",
            "serial_device": [],
            "smbios": [],
            "started": true,
            "startup": [],
            "stop_on_destroy": false,
            "tablet_device": true,
            "tags": null,
            "template": false,
            "timeout_clone": 1800,
            "timeout_create": 1800,
            "timeout_migrate": 1800,
            "timeout_move_disk": 1800,
            "timeout_reboot": 1800,
            "timeout_shutdown_vm": 1800,
            "timeout_start_vm": 1800,
            "timeout_stop_vm": 300,
            "tpm_state": [],
            "usb": [],
            "vga": [],
            "virtiofs": [],
            "vm_id": 202,
            "watchdog": []
          },
          "sensitive_attributes": [
            [
              {
                "type": "get_attr",
                "value": "initialization"
              },
              {
                "type": "index",
                "value": {
                  "value": 0,
                  "type": "number"
                }
              },
              {
                "type": "get_attr",
                "value": "user_account"
              },
              {
                "type": "index",
                "value": {
                  "value": 0,
                  "type": "number"
                }
              },
              {
                "type": "get_attr",
                "value": "password"
              }
            ]
          ],
          "identity_schema_version": 0,
          "private": "bnVsbA=="
        },
        {
          "index_key": "DEMO-STUDENT03",
          "schema_version": 0,
          "attributes": {
            "acpi": true,
            "agent": [
              {
                "enabled": true,
                "timeout": "15m",
                "trim": false,
                "type": "virtio",
                "wait_for_ip": [
                  {
                    "enabled": false,
                    "ipv4": false,
                    "ipv6": false
                  }
                ]
              }
            ],
            "amd_sev": [],
            "audio_device": [],
            "bios": "seabios",
            "boot_order": [
              "scsi0"
            ],
            "cdrom": [],
            "clone": [
              {
                "datastore_id": "",
                "full": true,
                "node_name": "s12",
                "retries": 1,
                "vm_id": 666
              }
            ],
            "cpu": [
              {
                "affinity": "",
                "architecture": "",
                "cores": 1,
                "flags": [],
                "hotplugged": 0,
                "limit": 0,
                "numa": false,
                "sockets": 1,
                "type": "host",
                "units": 0
              }
            ],
            "delete_unreferenced_disks_on_destroy": true,
            "description": null,
            "disk": [
              {
                "aio": "io_uring",
                "backup": true,
                "cache": "none",
                "datastore_id": "Ceph-Storage-Pool",
                "discard": "ignore",
                "file_format": "raw",
                "file_id": "",
                "import_from": "",
                "interface": "scsi0",
                "iothread": false,
                "path_in_datastore": "vm-204-disk-0",
                "replicate": true,
                "serial": "",
                "size": 20,
                "speed": [],
                "ssd": false
              }
            ],
            "efi_disk": [],
            "hook_script_file_id": null,
            "hostpci": [],
            "hotplug": null,
            "id": "204",
            "initialization": [
              {
                "datastore_id": "Ceph-Storage-Pool",
                "dns": [
                  {
                    "domain": "gruppe4.local",
                    "servers": [
                      "10.4.10.20",
                      "10.4.10.21"
                    ]
                  }
                ],
                "file_format": "",
                "interface": "ide2",
                "ip_config": [
                  {
                    "ipv4": [
                      {
                        "address": "10.4.10.204/24",
                        "gateway": "10.4.10.1"
                      }
                    ],
                    "ipv6": []
                  }
                ],
                "meta_data_file_id": "",
                "network_data_file_id": "",
                "type": "",
                "upgrade": true,
                "user_account": [
                  {
                    "keys": [
                      "ssh-ed25519 AAAAC3NzaC1lZDI1NTE5AAAAIJ3GxDf1ojn40YRmXP/M7HKOt9qj1U+a7yA1HRPAAAR6 terraform@automation01"
                    ],
                    "password": "",
                    "username": "henrik"
                  }
                ],
                "user_data_file_id": "",
                "vendor_data_file_id": ""
              }
            ],
            "ipv4_addresses": [],
            "ipv6_addresses": [],
            "keyboard_layout": "en-us",
            "kvm_arguments": null,
            "mac_addresses": [],
            "machine": null,
            "memory": [
              {
                "dedicated": 1024,
                "floating": 0,
                "hugepages": "",
                "keep_hugepages": false,
                "shared": 0
              }
            ],
            "migrate": false,
            "name": "DEMO-STUDENT03",
            "network_device": [
              {
                "bridge": "vmbr1",
                "disconnected": false,
                "enabled": true,
                "firewall": false,
                "mac_address": "BC:24:11:E1:6F:56",
                "model": "virtio",
                "mtu": 0,
                "queues": 0,
                "rate_limit": 0,
                "trunks": "",
                "vlan_id": 0
              }
            ],
            "network_interface_names": [],
            "node_name": "s12",
            "numa": [],
            "on_boot": true,
            "operating_system": [
              {
                "type": "l26"
              }
            ],
            "pool_id": "",
            "protection": false,
            "purge_on_destroy": true,
            "reboot": false,
            "reboot_after_update": true,
            "rng": [],
            "scsi_hardware": "virtio-scsi-pci",
            "serial_device": [],
            "smbios": [],
            "started": true,
            "startup": [],
            "stop_on_destroy": false,
            "tablet_device": true,
            "tags": null,
            "template": false,
            "timeout_clone": 1800,
            "timeout_create": 1800,
            "timeout_migrate": 1800,
            "timeout_move_disk": 1800,
            "timeout_reboot": 1800,
            "timeout_shutdown_vm": 1800,
            "timeout_start_vm": 1800,
            "timeout_stop_vm": 300,
            "tpm_state": [],
            "usb": [],
            "vga": [],
            "virtiofs": [],
            "vm_id": 204,
            "watchdog": []
          },
          "sensitive_attributes": [
            [
              {
                "type": "get_attr",
                "value": "initialization"
              },
              {
                "type": "index",
                "value": {
                  "value": 0,
                  "type": "number"
                }
              },
              {
                "type": "get_attr",
                "value": "user_account"
              },
              {
                "type": "index",
                "value": {
                  "value": 0,
                  "type": "number"
                }
              },
              {
                "type": "get_attr",
                "value": "password"
              }
            ]
          ],
          "identity_schema_version": 0,
          "private": "bnVsbA=="
        },
        {
          "index_key": "DEMO-TARGET01",
          "schema_version": 0,
          "attributes": {
            "acpi": true,
            "agent": [
              {
                "enabled": true,
                "timeout": "15m",
                "trim": false,
                "type": "virtio",
                "wait_for_ip": [
                  {
                    "enabled": false,
                    "ipv4": false,
                    "ipv6": false
                  }
                ]
              }
            ],
            "amd_sev": [],
            "audio_device": [],
            "bios": "seabios",
            "boot_order": [
              "scsi0"
            ],
            "cdrom": [],
            "clone": [
              {
                "datastore_id": "",
                "full": true,
                "node_name": "s12",
                "retries": 1,
                "vm_id": 666
              }
            ],
            "cpu": [
              {
                "affinity": "",
                "architecture": "",
                "cores": 1,
                "flags": [],
                "hotplugged": 0,
                "limit": 0,
                "numa": false,
                "sockets": 1,
                "type": "host",
                "units": 0
              }
            ],
            "delete_unreferenced_disks_on_destroy": true,
            "description": null,
            "disk": [
              {
                "aio": "io_uring",
                "backup": true,
                "cache": "none",
                "datastore_id": "Ceph-Storage-Pool",
                "discard": "ignore",
                "file_format": "raw",
                "file_id": "",
                "import_from": "",
                "interface": "scsi0",
                "iothread": false,
                "path_in_datastore": "vm-201-disk-0",
                "replicate": true,
                "serial": "",
                "size": 20,
                "speed": [],
                "ssd": false
              }
            ],
            "efi_disk": [],
            "hook_script_file_id": null,
            "hostpci": [],
            "hotplug": null,
            "id": "201",
            "initialization": [
              {
                "datastore_id": "Ceph-Storage-Pool",
                "dns": [
                  {
                    "domain": "gruppe4.local",
                    "servers": [
                      "10.4.10.20",
                      "10.4.10.21"
                    ]
                  }
                ],
                "file_format": "",
                "interface": "ide2",
                "ip_config": [
                  {
                    "ipv4": [
                      {
                        "address": "10.4.10.201/24",
                        "gateway": "10.4.10.1"
                      }
                    ],
                    "ipv6": []
                  }
                ],
                "meta_data_file_id": "",
                "network_data_file_id": "",
                "type": "",
                "upgrade": true,
                "user_account": [
                  {
                    "keys": [
                      "ssh-ed25519 AAAAC3NzaC1lZDI1NTE5AAAAIJ3GxDf1ojn40YRmXP/M7HKOt9qj1U+a7yA1HRPAAAR6 terraform@automation01"
                    ],
                    "password": "",
                    "username": "henrik"
                  }
                ],
                "user_data_file_id": "",
                "vendor_data_file_id": ""
              }
            ],
            "ipv4_addresses": [],
            "ipv6_addresses": [],
            "keyboard_layout": "en-us",
            "kvm_arguments": null,
            "mac_addresses": [],
            "machine": null,
            "memory": [
              {
                "dedicated": 1024,
                "floating": 0,
                "hugepages": "",
                "keep_hugepages": false,
                "shared": 0
              }
            ],
            "migrate": false,
            "name": "DEMO-TARGET01",
            "network_device": [
              {
                "bridge": "vmbr1",
                "disconnected": false,
                "enabled": true,
                "firewall": false,
                "mac_address": "BC:24:11:B3:2E:4C",
                "model": "virtio",
                "mtu": 0,
                "queues": 0,
                "rate_limit": 0,
                "trunks": "",
                "vlan_id": 0
              }
            ],
            "network_interface_names": [],
            "node_name": "s10",
            "numa": [],
            "on_boot": true,
            "operating_system": [
              {
                "type": "l26"
              }
            ],
            "pool_id": "",
            "protection": false,
            "purge_on_destroy": true,
            "reboot": false,
            "reboot_after_update": true,
            "rng": [],
            "scsi_hardware": "virtio-scsi-pci",
            "serial_device": [],
            "smbios": [],
            "started": true,
            "startup": [],
            "stop_on_destroy": false,
            "tablet_device": true,
            "tags": null,
            "template": false,
            "timeout_clone": 1800,
            "timeout_create": 1800,
            "timeout_migrate": 1800,
            "timeout_move_disk": 1800,
            "timeout_reboot": 1800,
            "timeout_shutdown_vm": 1800,
            "timeout_start_vm": 1800,
            "timeout_stop_vm": 300,
            "tpm_state": [],
            "usb": [],
            "vga": [],
            "virtiofs": [],
            "vm_id": 201,
            "watchdog": []
          },
          "sensitive_attributes": [
            [
              {
                "type": "get_attr",
                "value": "initialization"
              },
              {
                "type": "index",
                "value": {
                  "value": 0,
                  "type": "number"
                }
              },
              {
                "type": "get_attr",
                "value": "user_account"
              },
              {
                "type": "index",
                "value": {
                  "value": 0,
                  "type": "number"
                }
              },
              {
                "type": "get_attr",
                "value": "password"
              }
            ]
          ],
          "identity_schema_version": 0,
          "private": "bnVsbA=="
        },
        {
          "index_key": "DEMO-TARGET02",
          "schema_version": 0,
          "attributes": {
            "acpi": true,
            "agent": [
              {
                "enabled": true,
                "timeout": "15m",
                "trim": false,
                "type": "virtio",
                "wait_for_ip": [
                  {
                    "enabled": false,
                    "ipv4": false,
                    "ipv6": false
                  }
                ]
              }
            ],
            "amd_sev": [],
            "audio_device": [],
            "bios": "seabios",
            "boot_order": [
              "scsi0"
            ],
            "cdrom": [],
            "clone": [
              {
                "datastore_id": "",
                "full": true,
                "node_name": "s12",
                "retries": 1,
                "vm_id": 666
              }
            ],
            "cpu": [
              {
                "affinity": "",
                "architecture": "",
                "cores": 1,
                "flags": [],
                "hotplugged": 0,
                "limit": 0,
                "numa": false,
                "sockets": 1,
                "type": "host",
                "units": 0
              }
            ],
            "delete_unreferenced_disks_on_destroy": true,
            "description": null,
            "disk": [
              {
                "aio": "io_uring",
                "backup": true,
                "cache": "none",
                "datastore_id": "Ceph-Storage-Pool",
                "discard": "ignore",
                "file_format": "raw",
                "file_id": "",
                "import_from": "",
                "interface": "scsi0",
                "iothread": false,
                "path_in_datastore": "vm-203-disk-0",
                "replicate": true,
                "serial": "",
                "size": 20,
                "speed": [],
                "ssd": false
              }
            ],
            "efi_disk": [],
            "hook_script_file_id": null,
            "hostpci": [],
            "hotplug": null,
            "id": "203",
            "initialization": [
              {
                "datastore_id": "Ceph-Storage-Pool",
                "dns": [
                  {
                    "domain": "gruppe4.local",
                    "servers": [
                      "10.4.10.20",
                      "10.4.10.21"
                    ]
                  }
                ],
                "file_format": "",
                "interface": "ide2",
                "ip_config": [
                  {
                    "ipv4": [
                      {
                        "address": "10.4.10.203/24",
                        "gateway": "10.4.10.1"
                      }
                    ],
                    "ipv6": []
                  }
                ],
                "meta_data_file_id": "",
                "network_data_file_id": "",
                "type": "",
                "upgrade": true,
                "user_account": [
                  {
                    "keys": [
                      "ssh-ed25519 AAAAC3NzaC1lZDI1NTE5AAAAIJ3GxDf1ojn40YRmXP/M7HKOt9qj1U+a7yA1HRPAAAR6 terraform@automation01"
                    ],
                    "password": "",
                    "username": "henrik"
                  }
                ],
                "user_data_file_id": "",
                "vendor_data_file_id": ""
              }
            ],
            "ipv4_addresses": [],
            "ipv6_addresses": [],
            "keyboard_layout": "en-us",
            "kvm_arguments": null,
            "mac_addresses": [],
            "machine": null,
            "memory": [
              {
                "dedicated": 1024,
                "floating": 0,
                "hugepages": "",
                "keep_hugepages": false,
                "shared": 0
              }
            ],
            "migrate": false,
            "name": "DEMO-TARGET02",
            "network_device": [
              {
                "bridge": "vmbr1",
                "disconnected": false,
                "enabled": true,
                "firewall": false,
                "mac_address": "BC:24:11:6E:0F:AA",
                "model": "virtio",
                "mtu": 0,
                "queues": 0,
                "rate_limit": 0,
                "trunks": "",
                "vlan_id": 0
              }
            ],
            "network_interface_names": [],
            "node_name": "s11",
            "numa": [],
            "on_boot": true,
            "operating_system": [
              {
                "type": "l26"
              }
            ],
            "pool_id": "",
            "protection": false,
            "purge_on_destroy": true,
            "reboot": false,
            "reboot_after_update": true,
            "rng": [],
            "scsi_hardware": "virtio-scsi-pci",
            "serial_device": [],
            "smbios": [],
            "started": true,
            "startup": [],
            "stop_on_destroy": false,
            "tablet_device": true,
            "tags": null,
            "template": false,
            "timeout_clone": 1800,
            "timeout_create": 1800,
            "timeout_migrate": 1800,
            "timeout_move_disk": 1800,
            "timeout_reboot": 1800,
            "timeout_shutdown_vm": 1800,
            "timeout_start_vm": 1800,
            "timeout_stop_vm": 300,
            "tpm_state": [],
            "usb": [],
            "vga": [],
            "virtiofs": [],
            "vm_id": 203,
            "watchdog": []
          },
          "sensitive_attributes": [
            [
              {
                "type": "get_attr",
                "value": "initialization"
              },
              {
                "type": "index",
                "value": {
                  "value": 0,
                  "type": "number"
                }
              },
              {
                "type": "get_attr",
                "value": "user_account"
              },
              {
                "type": "index",
                "value": {
                  "value": 0,
                  "type": "number"
                }
              },
              {
                "type": "get_attr",
                "value": "password"
              }
            ]
          ],
          "identity_schema_version": 0,
          "private": "bnVsbA=="
        },
        {
          "index_key": "DEMO-TARGET03",
          "schema_version": 0,
          "attributes": {
            "acpi": true,
            "agent": [
              {
                "enabled": true,
                "timeout": "15m",
                "trim": false,
                "type": "virtio",
                "wait_for_ip": [
                  {
                    "enabled": false,
                    "ipv4": false,
                    "ipv6": false
                  }
                ]
              }
            ],
            "amd_sev": [],
            "audio_device": [],
            "bios": "seabios",
            "boot_order": [
              "scsi0"
            ],
            "cdrom": [],
            "clone": [
              {
                "datastore_id": "",
                "full": true,
                "node_name": "s12",
                "retries": 1,
                "vm_id": 666
              }
            ],
            "cpu": [
              {
                "affinity": "",
                "architecture": "",
                "cores": 1,
                "flags": [],
                "hotplugged": 0,
                "limit": 0,
                "numa": false,
                "sockets": 1,
                "type": "host",
                "units": 0
              }
            ],
            "delete_unreferenced_disks_on_destroy": true,
            "description": null,
            "disk": [
              {
                "aio": "io_uring",
                "backup": true,
                "cache": "none",
                "datastore_id": "Ceph-Storage-Pool",
                "discard": "ignore",
                "file_format": "raw",
                "file_id": "",
                "import_from": "",
                "interface": "scsi0",
                "iothread": false,
                "path_in_datastore": "vm-205-disk-0",
                "replicate": true,
                "serial": "",
                "size": 20,
                "speed": [],
                "ssd": false
              }
            ],
            "efi_disk": [],
            "hook_script_file_id": null,
            "hostpci": [],
            "hotplug": null,
            "id": "205",
            "initialization": [
              {
                "datastore_id": "Ceph-Storage-Pool",
                "dns": [
                  {
                    "domain": "gruppe4.local",
                    "servers": [
                      "10.4.10.20",
                      "10.4.10.21"
                    ]
                  }
                ],
                "file_format": "",
                "interface": "ide2",
                "ip_config": [
                  {
                    "ipv4": [
                      {
                        "address": "10.4.10.205/24",
                        "gateway": "10.4.10.1"
                      }
                    ],
                    "ipv6": []
                  }
                ],
                "meta_data_file_id": "",
                "network_data_file_id": "",
                "type": "",
                "upgrade": true,
                "user_account": [
                  {
                    "keys": [
                      "ssh-ed25519 AAAAC3NzaC1lZDI1NTE5AAAAIJ3GxDf1ojn40YRmXP/M7HKOt9qj1U+a7yA1HRPAAAR6 terraform@automation01"
                    ],
                    "password": "",
                    "username": "henrik"
                  }
                ],
                "user_data_file_id": "",
                "vendor_data_file_id": ""
              }
            ],
            "ipv4_addresses": [],
            "ipv6_addresses": [],
            "keyboard_layout": "en-us",
            "kvm_arguments": null,
            "mac_addresses": [],
            "machine": null,
            "memory": [
              {
                "dedicated": 1024,
                "floating": 0,
                "hugepages": "",
                "keep_hugepages": false,
                "shared": 0
              }
            ],
            "migrate": false,
            "name": "DEMO-TARGET03",
            "network_device": [
              {
                "bridge": "vmbr1",
                "disconnected": false,
                "enabled": true,
                "firewall": false,
                "mac_address": "BC:24:11:10:FB:FA",
                "model": "virtio",
                "mtu": 0,
                "queues": 0,
                "rate_limit": 0,
                "trunks": "",
                "vlan_id": 0
              }
            ],
            "network_interface_names": [],
            "node_name": "s12",
            "numa": [],
            "on_boot": true,
            "operating_system": [
              {
                "type": "l26"
              }
            ],
            "pool_id": "",
            "protection": false,
            "purge_on_destroy": true,
            "reboot": false,
            "reboot_after_update": true,
            "rng": [],
            "scsi_hardware": "virtio-scsi-pci",
            "serial_device": [],
            "smbios": [],
            "started": true,
            "startup": [],
            "stop_on_destroy": false,
            "tablet_device": true,
            "tags": null,
            "template": false,
            "timeout_clone": 1800,
            "timeout_create": 1800,
            "timeout_migrate": 1800,
            "timeout_move_disk": 1800,
            "timeout_reboot": 1800,
            "timeout_shutdown_vm": 1800,
            "timeout_start_vm": 1800,
            "timeout_stop_vm": 300,
            "tpm_state": [],
            "usb": [],
            "vga": [],
            "virtiofs": [],
            "vm_id": 205,
            "watchdog": []
          },
          "sensitive_attributes": [
            [
              {
                "type": "get_attr",
                "value": "initialization"
              },
              {
                "type": "index",
                "value": {
                  "value": 0,
                  "type": "number"
                }
              },
              {
                "type": "get_attr",
                "value": "user_account"
              },
              {
                "type": "index",
                "value": {
                  "value": 0,
                  "type": "number"
                }
              },
              {
                "type": "get_attr",
                "value": "password"
              }
            ]
          ],
          "identity_schema_version": 0,
          "private": "bnVsbA=="
        }
      ]
    }
  ],
  "check_results": null
}
